
Microsoft Visual Studio Solution File, Format Version 12.00
# Visual Studio Version 16
VisualStudioVersion = 16.0.29609.76
MinimumVisualStudioVersion = 10.0.40219.1
Project("{FAE04EC0-301F-11D3-BF4B-00C04F79EFBC}") = "WiredBrainCoffee.ShopInfoTool", "WiredBrainCoffee.ShopInfoTool.csproj", "{0145D937-6E47-4171-9D41-D0B2B88F7A88}"
EndProject
Project("{FAE04EC0-301F-11D3-BF4B-00C04F79EFBC}") = "WiredBrainCoffee.DataAccess", "..\WiredBrainCoffee.DataAccess\WiredBrainCoffee.DataAccess.csproj", "{9B392704-F5BC-4177-B8B8-BBB6112E136B}"
EndProject
Global
	GlobalSection(SolutionConfigurationPlatforms) = preSolution
		Debug|Any CPU = Debug|Any CPU
		Release|Any CPU = Release|Any CPU
	EndGlobalSection
	GlobalSection(ProjectConfigurationPlatforms) = postSolution
		{0145D937-6E47-4171-9D41-D0B2B88F7A88}.Debug|Any CPU.ActiveCfg = Debug|Any CPU
		{0145D937-6E47-4171-9D41-D0B2B88F7A88}.Debug|Any CPU.Build.0 = Debug|Any CPU
		{0145D937-6E47-4171-9D41-D0B2B88F7A88}.Release|Any CPU.ActiveCfg = Release|Any CPU
		{0145D937-6E47-4171-9D41-D0B2B88F7A88}.Release|Any CPU.Build.0 = Release|Any CPU
		{9B392704-F5BC-4177-B8B8-BBB6112E136B}.Debug|Any CPU.ActiveCfg = Debug|Any CPU
		{9B392704-F5BC-4177-B8B8-BBB6112E136B}.Debug|Any CPU.Build.0 = Debug|Any CPU
		{9B392704-F5BC-4177-B8B8-BBB6112E136B}.Release|Any CPU.ActiveCfg = Release|Any CPU
		{9B392704-F5BC-4177-B8B8-BBB6112E136B}.Release|Any CPU.Build.0 = Release|Any CPU
	EndGlobalSection
	GlobalSection(SolutionProperties) = preSolution
		HideSolutionNode = FALSE
	EndGlobalSection
	GlobalSection(ExtensibilityGlobals) = postSolution
		SolutionGuid = {A7E9814D-78D1-4180-A9AB-D8CBFE368D3D}
	EndGlobalSection
EndGlobal
